
Microsoft Visual Studio Solution File, Format Version 12.00
# Visual Studio 15
VisualStudioVersion = 15.0.27703.2042
MinimumVisualStudioVersion = 10.0.40219.1
Project("{FAE04EC0-301F-11D3-BF4B-00C04F79EFBC}") = "TreeViewPerformancePoC", "TreeViewPerformancePoC\TreeViewPerformancePoC.csproj", "{261BC646-8F42-464B-83AB-7405F0E37594}"
EndProject
Global
	GlobalSection(SolutionConfigurationPlatforms) = preSolution
		Debug|Any CPU = Debug|Any CPU
		Release|Any CPU = Release|Any CPU
	EndGlobalSection
	GlobalSection(ProjectConfigurationPlatforms) = postSolution
		{261BC646-8F42-464B-83AB-7405F0E37594}.Debug|Any CPU.ActiveCfg = Debug|Any CPU
		{261BC646-8F42-464B-83AB-7405F0E37594}.Debug|Any CPU.Build.0 = Debug|Any CPU
		{261BC646-8F42-464B-83AB-7405F0E37594}.Release|Any CPU.ActiveCfg = Release|Any CPU
		{261BC646-8F42-464B-83AB-7405F0E37594}.Release|Any CPU.Build.0 = Release|Any CPU
	EndGlobalSection
	GlobalSection(SolutionProperties) = preSolution
		HideSolutionNode = FALSE
	EndGlobalSection
	GlobalSection(ExtensibilityGlobals) = postSolution
		SolutionGuid = {177EFF0F-92C0-45FB-A09A-7071C48FF2D4}
	EndGlobalSection
EndGlobal
